// !$*UTF8*$!
{
	archiveVersion = 1;
	classes = {
	};
	objectVersion = 77;
	objects = {

/* Begin PBXContainerItemProxy section */
		DF8796F72E5AD9AA00AC75E0 /* PBXContainerItemProxy */ = {
			isa = PBXContainerItemProxy;
			containerPortal = DF8796D82E5AD9A800AC75E0 /* Project object */;
			proxyType = 1;
			remoteGlobalIDString = DF8796DF2E5AD9A800AC75E0;
			remoteInfo = PexelsSearch;
		};
		DF8797012E5AD9AA00AC75E0 /* PBXContainerItemProxy */ = {
			isa = PBXContainerItemProxy;
			containerPortal = DF8796D82E5AD9A800AC75E0 /* Project object */;
			proxyType = 1;
			remoteGlobalIDString = DF8796DF2E5AD9A800AC75E0;
			remoteInfo = PexelsSearch;
		};
/* End PBXContainerItemProxy section */

/* Begin PBXFileReference section */
		DF8796E02E5AD9A800AC75E0 /* PexelsSearch.app */ = {isa = PBXFileReference; explicitFileType = wrapper.application; includeInIndex = 0; path = PexelsSearch.app; sourceTree = BUILT_PRODUCTS_DIR; };
		DF8796F62E5AD9AA00AC75E0 /* PexelsSearchTests.xctest */ = {isa = PBXFileReference; explicitFileType = wrapper.cfbundle; includeInIndex = 0; path = PexelsSearchTests.xctest; sourceTree = BUILT_PRODUCTS_DIR; };
		DF8797002E5AD9AA00AC75E0 /* PexelsSearchUITests.xctest */ = {isa = PBXFileReference; explicitFileType = wrapper.cfbundle; includeInIndex = 0; path = PexelsSearchUITests.xctest; sourceTree = BUILT_PRODUCTS_DIR; };
/* End PBXFileReference section */

/* Begin PBXFileSystemSynchronizedBuildFileExceptionSet section */
		DF8797082E5AD9AA00AC75E0 /* Exceptions for "PexelsSearch" folder in "PexelsSearch" target */ = {
			isa = PBXFileSystemSynchronizedBuildFileExceptionSet;
			membershipExceptions = (
				Resources/Info.plist,
			);
			target = DF8796DF2E5AD9A800AC75E0 /* PexelsSearch */;
		};
/* End PBXFileSystemSynchronizedBuildFileExceptionSet section */

/* Begin PBXFileSystemSynchronizedRootGroup section */
		DF8796E22E5AD9A800AC75E0 /* PexelsSearch */ = {
			isa = PBXFileSystemSynchronizedRootGroup;
			exceptions = (
				DF8797082E5AD9AA00AC75E0 /* Exceptions for "PexelsSearch" folder in "PexelsSearch" target */,
			);
			path = PexelsSearch;
			sourceTree = "<group>";
		};
		DF8796F92E5AD9AA00AC75E0 /* PexelsSearchTests */ = {
			isa = PBXFileSystemSynchronizedRootGroup;
			path = PexelsSearchTests;
			sourceTree = "<group>";
		};
		DF8797032E5AD9AA00AC75E0 /* PexelsSearchUITests */ = {
			isa = PBXFileSystemSynchronizedRootGroup;
			path = PexelsSearchUITests;
			sourceTree = "<group>";
		};
/* End PBXFileSystemSynchronizedRootGroup section */

/* Begin PBXFrameworksBuildPhase section */
		DF8796DD2E5AD9A800AC75E0 /* Frameworks */ = {
			isa = PBXFrameworksBuildPhase;
			buildActionMask = 2147483647;
			files = (
			);
			runOnlyForDeploymentPostprocessing = 0;
		};
		DF8796F32E5AD9AA00AC75E0 /* Frameworks */ = {
			isa = PBXFrameworksBuildPhase;
			buildActionMask = 2147483647;
			files = (
			);
			runOnlyForDeploymentPostprocessing = 0;
		};
		DF8796FD2E5AD9AA00AC75E0 /* Frameworks */ = {
			isa = PBXFrameworksBuildPhase;
			buildActionMask = 2147483647;
			files = (
			);
			runOnlyForDeploymentPostprocessing = 0;
		};
/* End PBXFrameworksBuildPhase section */

/* Begin PBXGroup section */
		DF8796D72E5AD9A800AC75E0 = {
			isa = PBXGroup;
			children = (
				DF8796E22E5AD9A800AC75E0 /* PexelsSearch */,
				DF8796F92E5AD9AA00AC75E0 /* PexelsSearchTests */,
				DF8797032E5AD9AA00AC75E0 /* PexelsSearchUITests */,
				DF8796E12E5AD9A800AC75E0 /* Products */,
			);
			sourceTree = "<group>";
		};
		DF8796E12E5AD9A800AC75E0 /* Products */ = {
			isa = PBXGroup;
			children = (
				DF8796E02E5AD9A800AC75E0 /* PexelsSearch.app */,
				DF8796F62E5AD9AA00AC75E0 /* PexelsSearchTests.xctest */,
				DF8797002E5AD9AA00AC75E0 /* PexelsSearchUITests.xctest */,
			);
			name = Products;
			sourceTree = "<group>";
		};
/* End PBXGroup section */

/* Begin PBXNativeTarget section */
		DF8796DF2E5AD9A800AC75E0 /* PexelsSearch */ = {
			isa = PBXNativeTarget;
			buildConfigurationList = DF8797092E5AD9AA00AC75E0 /* Build configuration list for PBXNativeTarget "PexelsSearch" */;
			buildPhases = (
				DF8796DC2E5AD9A800AC75E0 /* Sources */,
				DF8796DD2E5AD9A800AC75E0 /* Frameworks */,
				DF8796DE2E5AD9A800AC75E0 /* Resources */,
			);
			buildRules = (
			);
			dependencies = (
			);
			fileSystemSynchronizedGroups = (
				DF8796E22E5AD9A800AC75E0 /* PexelsSearch */,
			);
			name = PexelsSearch;
			packageProductDependencies = (
			);
			productName = PexelsSearch;
			productReference = DF8796E02E5AD9A800AC75E0 /* PexelsSearch.app */;
			productType = "com.apple.product-type.application";
		};
		DF8796F52E5AD9AA00AC75E0 /* PexelsSearchTests */ = {
			isa = PBXNativeTarget;
			buildConfigurationList = DF87970E2E5AD9AA00AC75E0 /* Build configuration list for PBXNativeTarget "PexelsSearchTests" */;
			buildPhases = (
				DF8796F22E5AD9AA00AC75E0 /* Sources */,
				DF8796F32E5AD9AA00AC75E0 /* Frameworks */,
				DF8796F42E5AD9AA00AC75E0 /* Resources */,
			);
			buildRules = (
			);
			dependencies = (
				DF8796F82E5AD9AA00AC75E0 /* PBXTargetDependency */,
			);
			fileSystemSynchronizedGroups = (
				DF8796F92E5AD9AA00AC75E0 /* PexelsSearchTests */,
			);
			name = PexelsSearchTests;
			packageProductDependencies = (
			);
			productName = PexelsSearchTests;
			productReference = DF8796F62E5AD9AA00AC75E0 /* PexelsSearchTests.xctest */;
			productType = "com.apple.product-type.bundle.unit-test";
		};
		DF8796FF2E5AD9AA00AC75E0 /* PexelsSearchUITests */ = {
			isa = PBXNativeTarget;
			buildConfigurationList = DF8797112E5AD9AA00AC75E0 /* Build configuration list for PBXNativeTarget "PexelsSearchUITests" */;
			buildPhases = (
				DF8796FC2E5AD9AA00AC75E0 /* Sources */,
				DF8796FD2E5AD9AA00AC75E0 /* Frameworks */,
				DF8796FE2E5AD9AA00AC75E0 /* Resources */,
			);
			buildRules = (
			);
			dependencies = (
				DF8797022E5AD9AA00AC75E0 /* PBXTargetDependency */,
			);
			fileSystemSynchronizedGroups = (
				DF8797032E5AD9AA00AC75E0 /* PexelsSearchUITests */,
			);
			name = PexelsSearchUITests;
			packageProductDependencies = (
			);
			productName = PexelsSearchUITests;
			productReference = DF8797002E5AD9AA00AC75E0 /* PexelsSearchUITests.xctest */;
			productType = "com.apple.product-type.bundle.ui-testing";
		};
/* End PBXNativeTarget section */

/* Begin PBXProject section */
		DF8796D82E5AD9A800AC75E0 /* Project object */ = {
			isa = PBXProject;
			attributes = {
				BuildIndependentTargetsInParallel = 1;
				LastSwiftUpdateCheck = 1620;
				LastUpgradeCheck = 1620;
				TargetAttributes = {
					DF8796DF2E5AD9A800AC75E0 = {
						CreatedOnToolsVersion = 16.2;
					};
					DF8796F52E5AD9AA00AC75E0 = {
						CreatedOnToolsVersion = 16.2;
						TestTargetID = DF8796DF2E5AD9A800AC75E0;
					};
					DF8796FF2E5AD9AA00AC75E0 = {
						CreatedOnToolsVersion = 16.2;
						TestTargetID = DF8796DF2E5AD9A800AC75E0;
					};
				};
			};
			buildConfigurationList = DF8796DB2E5AD9A800AC75E0 /* Build configuration list for PBXProject "PexelsSearch" */;
			developmentRegion = en;
			hasScannedForEncodings = 0;
			knownRegions = (
				en,
				Base,
			);
			mainGroup = DF8796D72E5AD9A800AC75E0;
			minimizedProjectReferenceProxies = 1;
			preferredProjectObjectVersion = 77;
			productRefGroup = DF8796E12E5AD9A800AC75E0 /* Products */;
			projectDirPath = "";
			projectRoot = "";
			targets = (
				DF8796DF2E5AD9A800AC75E0 /* PexelsSearch */,
				DF8796F52E5AD9AA00AC75E0 /* PexelsSearchTests */,
				DF8796FF2E5AD9AA00AC75E0 /* PexelsSearchUITests */,
			);
		};
/* End PBXProject section */

/* Begin PBXResourcesBuildPhase section */
		DF8796DE2E5AD9A800AC75E0 /* Resources */ = {
			isa = PBXResourcesBuildPhase;
			buildActionMask = 2147483647;
			files = (
			);
			runOnlyForDeploymentPostprocessing = 0;
		};
		DF8796F42E5AD9AA00AC75E0 /* Resources */ = {
			isa = PBXResourcesBuildPhase;
			buildActionMask = 2147483647;
			files = (
			);
			runOnlyForDeploymentPostprocessing = 0;
		};
		DF8796FE2E5AD9AA00AC75E0 /* Resources */ = {
			isa = PBXResourcesBuildPhase;
			buildActionMask = 2147483647;
			files = (
			);
			runOnlyForDeploymentPostprocessing = 0;
		};
/* End PBXResourcesBuildPhase section */

/* Begin PBXSourcesBuildPhase section */
		DF8796DC2E5AD9A800AC75E0 /* Sources */ = {
			isa = PBXSourcesBuildPhase;
			buildActionMask = 2147483647;
			files = (
			);
			runOnlyForDeploymentPostprocessing = 0;
		};
		DF8796F22E5AD9AA00AC75E0 /* Sources */ = {
			isa = PBXSourcesBuildPhase;
			buildActionMask = 2147483647;
			files = (
			);
			runOnlyForDeploymentPostprocessing = 0;
		};
		DF8796FC2E5AD9AA00AC75E0 /* Sources */ = {
			isa = PBXSourcesBuildPhase;
			buildActionMask = 2147483647;
			files = (
			);
			runOnlyForDeploymentPostprocessing = 0;
		};
/* End PBXSourcesBuildPhase section */

/* Begin PBXTargetDependency section */
		DF8796F82E5AD9AA00AC75E0 /* PBXTargetDependency */ = {
			isa = PBXTargetDependency;
			target = DF8796DF2E5AD9A800AC75E0 /* PexelsSearch */;
			targetProxy = DF8796F72E5AD9AA00AC75E0 /* PBXContainerItemProxy */;
		};
		DF8797022E5AD9AA00AC75E0 /* PBXTargetDependency */ = {
			isa = PBXTargetDependency;
			target = DF8796DF2E5AD9A800AC75E0 /* PexelsSearch */;
			targetProxy = DF8797012E5AD9AA00AC75E0 /* PBXContainerItemProxy */;
		};
/* End PBXTargetDependency section */

/* Begin XCBuildConfiguration section */
		DF87970A2E5AD9AA00AC75E0 /* Debug */ = {
			isa = XCBuildConfiguration;
			baseConfigurationReferenceAnchor = DF8796E22E5AD9A800AC75E0 /* PexelsSearch */;
			baseConfigurationReferenceRelativePath = Resources/Secrets.xcconfig;
			buildSettings = {
				ASSETCATALOG_COMPILER_APPICON_NAME = AppIcon;
				ASSETCATALOG_COMPILER_GLOBAL_ACCENT_COLOR_NAME = AccentColor;
				CODE_SIGN_STYLE = Automatic;
				CURRENT_PROJECT_VERSION = 1;
				DEVELOPMENT_TEAM = 22WLLT8Q75;
				GENERATE_INFOPLIST_FILE = YES;
				INFOPLIST_FILE = PexelsSearch/Resources/Info.plist;
				INFOPLIST_KEY_LSApplicationCategoryType = "";
				INFOPLIST_KEY_UIApplicationSupportsIndirectInputEvents = YES;
				INFOPLIST_KEY_UILaunchStoryboardName = LaunchScreen;
				INFOPLIST_KEY_UISupportedInterfaceOrientations_iPad = "UIInterfaceOrientationPortrait UIInterfaceOrientationPortraitUpsideDown UIInterfaceOrientationLandscapeLeft UIInterfaceOrientationLandscapeRight";
				INFOPLIST_KEY_UISupportedInterfaceOrientations_iPhone = "UIInterfaceOrientationPortrait UIInterfaceOrientationLandscapeLeft UIInterfaceOrientationLandscapeRight";
				LD_RUNPATH_SEARCH_PATHS = (
					"$(inherited)",
					"@executable_path/Frameworks",
				);
				MARKETING_VERSION = 1.0;
				PRODUCT_BUNDLE_IDENTIFIER = remypark.PexelsSearch;
				PRODUCT_NAME = "$(TARGET_NAME)";
				SWIFT_EMIT_LOC_STRINGS = YES;
				SWIFT_VERSION = 5.0;
				TARGETED_DEVICE_FAMILY = "1,2";
			};
			name = Debug;
		};
		DF87970B2E5AD9AA00AC75E0 /* Release */ = {
			isa = XCBuildConfiguration;
			baseConfigurationReferenceAnchor = DF8796E22E5AD9A800AC75E0 /* PexelsSearch */;
			baseConfigurationReferenceRelativePath = Resources/Secrets.xcconfig;
			buildSettings = {
				ASSETCATALOG_COMPILER_APPICON_NAME = AppIcon;
				ASSETCATALOG_COMPILER_GLOBAL_ACCENT_COLOR_NAME = AccentColor;
				CODE_SIGN_STYLE = Automatic;
				CURRENT_PROJECT_VERSION = 1;
				DEVELOPMENT_TEAM = 22WLLT8Q75;
				GENERATE_INFOPLIST_FILE = YES;
				INFOPLIST_FILE = PexelsSearch/Resources/Info.plist;
				INFOPLIST_KEY_LSApplicationCategoryType = "";
				INFOPLIST_KEY_UIApplicationSupportsIndirectInputEvents = YES;
				INFOPLIST_KEY_UILaunchStoryboardName = LaunchScreen;
				INFOPLIST_KEY_UISupportedInterfaceOrientations_iPad = "UIInterfaceOrientationPortrait UIInterfaceOrientationPortraitUpsideDown UIInterfaceOrientationLandscapeLeft UIInterfaceOrientationLandscapeRight";
				INFOPLIST_KEY_UISupportedInterfaceOrientations_iPhone = "UIInterfaceOrientationPortrait UIInterfaceOrientationLandscapeLeft UIInterfaceOrientationLandscapeRight";
				LD_RUNPATH_SEARCH_PATHS = (
					"$(inherited)",
					"@executable_path/Frameworks",
				);
				MARKETING_VERSION = 1.0;
				PRODUCT_BUNDLE_IDENTIFIER = remypark.PexelsSearch;
				PRODUCT_NAME = "$(TARGET_NAME)";
				SWIFT_EMIT_LOC_STRINGS = YES;
				SWIFT_VERSION = 5.0;
				TARGETED_DEVICE_FAMILY = "1,2";
			};
			name = Release;
		};
		DF87970C2E5AD9AA00AC75E0 /* Debug */ = {
			isa = XCBuildConfiguration;
			buildSettings = {
				ALWAYS_SEARCH_USER_PATHS = NO;
				ASSETCATALOG_COMPILER_GENERATE_SWIFT_ASSET_SYMBOL_EXTENSIONS = YES;
				CLANG_ANALYZER_NONNULL = YES;
				CLANG_ANALYZER_NUMBER_OBJECT_CONVERSION = YES_AGGRESSIVE;
				CLANG_CXX_LANGUAGE_STANDARD = "gnu++20";
				CLANG_ENABLE_MODULES = YES;
				CLANG_ENABLE_OBJC_ARC = YES;
				CLANG_ENABLE_OBJC_WEAK = YES;
				CLANG_WARN_BLOCK_CAPTURE_AUTORELEASING = YES;
				CLANG_WARN_BOOL_CONVERSION = YES;
				CLANG_WARN_COMMA = YES;
				CLANG_WARN_CONSTANT_CONVERSION = YES;
				CLANG_WARN_DEPRECATED_OBJC_IMPLEMENTATIONS = YES;
				CLANG_WARN_DIRECT_OBJC_ISA_USAGE = YES_ERROR;
				CLANG_WARN_DOCUMENTATION_COMMENTS = YES;
				CLANG_WARN_EMPTY_BODY = YES;
				CLANG_WARN_ENUM_CONVERSION = YES;
				CLANG_WARN_INFINITE_RECURSION = YES;
				CLANG_WARN_INT_CONVERSION = YES;
				CLANG_WARN_NON_LITERAL_NULL_CONVERSION = YES;
				CLANG_WARN_OBJC_IMPLICIT_RETAIN_SELF = YES;
				CLANG_WARN_OBJC_LITERAL_CONVERSION = YES;
				CLANG_WARN_OBJC_ROOT_CLASS = YES_ERROR;
				CLANG_WARN_QUOTED_INCLUDE_IN_FRAMEWORK_HEADER = YES;
				CLANG_WARN_RANGE_LOOP_ANALYSIS = YES;
				CLANG_WARN_STRICT_PROTOTYPES = YES;
				CLANG_WARN_SUSPICIOUS_MOVE = YES;
				CLANG_WARN_UNGUARDED_AVAILABILITY = YES_AGGRESSIVE;
				CLANG_WARN_UNREACHABLE_CODE = YES;
				CLANG_WARN__DUPLICATE_METHOD_MATCH = YES;
				COPY_PHASE_STRIP = NO;
				DEBUG_INFORMATION_FORMAT = dwarf;
				ENABLE_STRICT_OBJC_MSGSEND = YES;
				ENABLE_TESTABILITY = YES;
				ENABLE_USER_SCRIPT_SANDBOXING = YES;
				GCC_C_LANGUAGE_STANDARD = gnu17;
				GCC_DYNAMIC_NO_PIC = NO;
				GCC_NO_COMMON_BLOCKS = YES;
				GCC_OPTIMIZATION_LEVEL = 0;
				GCC_PREPROCESSOR_DEFINITIONS = (
					"DEBUG=1",
					"$(inherited)",
				);
				GCC_WARN_64_TO_32_BIT_CONVERSION = YES;
				GCC_WARN_ABOUT_RETURN_TYPE = YES_ERROR;
				GCC_WARN_UNDECLARED_SELECTOR = YES;
				GCC_WARN_UNINITIALIZED_AUTOS = YES_AGGRESSIVE;
				GCC_WARN_UNUSED_FUNCTION = YES;
				GCC_WARN_UNUSED_VARIABLE = YES;
				IPHONEOS_DEPLOYMENT_TARGET = 18.2;
				LOCALIZATION_PREFERS_STRING_CATALOGS = YES;
				MTL_ENABLE_DEBUG_INFO = INCLUDE_SOURCE;
				MTL_FAST_MATH = YES;
				ONLY_ACTIVE_ARCH = YES;
				SDKROOT = iphoneos;
				SWIFT_ACTIVE_COMPILATION_CONDITIONS = "DEBUG $(inherited)";
				SWIFT_OPTIMIZATION_LEVEL = "-Onone";
			};
			name = Debug;
		};
		DF87970D2E5AD9AA00AC75E0 /* Release */ = {
			isa = XCBuildConfiguration;
			buildSettings = {
				ALWAYS_SEARCH_USER_PATHS = NO;
				ASSETCATALOG_COMPILER_GENERATE_SWIFT_ASSET_SYMBOL_EXTENSIONS = YES;
				CLANG_ANALYZER_NONNULL = YES;
				CLANG_ANALYZER_NUMBER_OBJECT_CONVERSION = YES_AGGRESSIVE;
				CLANG_CXX_LANGUAGE_STANDARD = "gnu++20";
				CLANG_ENABLE_MODULES = YES;
				CLANG_ENABLE_OBJC_ARC = YES;
				CLANG_ENABLE_OBJC_WEAK = YES;
				CLANG_WARN_BLOCK_CAPTURE_AUTORELEASING = YES;
				CLANG_WARN_BOOL_CONVERSION = YES;
				CLANG_WARN_COMMA = YES;
				CLANG_WARN_CONSTANT_CONVERSION = YES;
				CLANG_WARN_DEPRECATED_OBJC_IMPLEMENTATIONS = YES;
				CLANG_WARN_DIRECT_OBJC_ISA_USAGE = YES_ERROR;
				CLANG_WARN_DOCUMENTATION_COMMENTS = YES;
				CLANG_WARN_EMPTY_BODY = YES;
				CLANG_WARN_ENUM_CONVERSION = YES;
				CLANG_WARN_INFINITE_RECURSION = YES;
				CLANG_WARN_INT_CONVERSION = YES;
				CLANG_WARN_NON_LITERAL_NULL_CONVERSION = YES;
				CLANG_WARN_OBJC_IMPLICIT_RETAIN_SELF = YES;
				CLANG_WARN_OBJC_LITERAL_CONVERSION = YES;
				CLANG_WARN_OBJC_ROOT_CLASS = YES_ERROR;
				CLANG_WARN_QUOTED_INCLUDE_IN_FRAMEWORK_HEADER = YES;
				CLANG_WARN_RANGE_LOOP_ANALYSIS = YES;
				CLANG_WARN_STRICT_PROTOTYPES = YES;
				CLANG_WARN_SUSPICIOUS_MOVE = YES;
				CLANG_WARN_UNGUARDED_AVAILABILITY = YES_AGGRESSIVE;
				CLANG_WARN_UNREACHABLE_CODE = YES;
				CLANG_WARN__DUPLICATE_METHOD_MATCH = YES;
				COPY_PHASE_STRIP = NO;
				DEBUG_INFORMATION_FORMAT = "dwarf-with-dsym";
				ENABLE_NS_ASSERTIONS = NO;
				ENABLE_STRICT_OBJC_MSGSEND = YES;
				ENABLE_USER_SCRIPT_SANDBOXING = YES;
				GCC_C_LANGUAGE_STANDARD = gnu17;
				GCC_NO_COMMON_BLOCKS = YES;
				GCC_WARN_64_TO_32_BIT_CONVERSION = YES;
				GCC_WARN_ABOUT_RETURN_TYPE = YES_ERROR;
				GCC_WARN_UNDECLARED_SELECTOR = YES;
				GCC_WARN_UNINITIALIZED_AUTOS = YES_AGGRESSIVE;
				GCC_WARN_UNUSED_FUNCTION = YES;
				GCC_WARN_UNUSED_VARIABLE = YES;
				IPHONEOS_DEPLOYMENT_TARGET = 18.2;
				LOCALIZATION_PREFERS_STRING_CATALOGS = YES;
				MTL_ENABLE_DEBUG_INFO = NO;
				MTL_FAST_MATH = YES;
				SDKROOT = iphoneos;
				SWIFT_COMPILATION_MODE = wholemodule;
				VALIDATE_PRODUCT = YES;
			};
			name = Release;
		};
		DF87970F2E5AD9AA00AC75E0 /* Debug */ = {
			isa = XCBuildConfiguration;
			buildSettings = {
				BUNDLE_LOADER = "$(TEST_HOST)";
				CODE_SIGN_STYLE = Automatic;
				CURRENT_PROJECT_VERSION = 1;
				DEVELOPMENT_TEAM = 22WLLT8Q75;
				GENERATE_INFOPLIST_FILE = YES;
				IPHONEOS_DEPLOYMENT_TARGET = 18.2;
				MARKETING_VERSION = 1.0;
				PRODUCT_BUNDLE_IDENTIFIER = remypark.PexelsSearchTests;
				PRODUCT_NAME = "$(TARGET_NAME)";
				SWIFT_EMIT_LOC_STRINGS = NO;
				SWIFT_VERSION = 5.0;
				TARGETED_DEVICE_FAMILY = "1,2";
				TEST_HOST = "$(BUILT_PRODUCTS_DIR)/PexelsSearch.app/$(BUNDLE_EXECUTABLE_FOLDER_PATH)/PexelsSearch";
			};
			name = Debug;
		};
		DF8797102E5AD9AA00AC75E0 /* Release */ = {
			isa = XCBuildConfiguration;
			buildSettings = {
				BUNDLE_LOADER = "$(TEST_HOST)";
				CODE_SIGN_STYLE = Automatic;
				CURRENT_PROJECT_VERSION = 1;
				DEVELOPMENT_TEAM = 22WLLT8Q75;
				GENERATE_INFOPLIST_FILE = YES;
				IPHONEOS_DEPLOYMENT_TARGET = 18.2;
				MARKETING_VERSION = 1.0;
				PRODUCT_BUNDLE_IDENTIFIER = remypark.PexelsSearchTests;
				PRODUCT_NAME = "$(TARGET_NAME)";
				SWIFT_EMIT_LOC_STRINGS = NO;
				SWIFT_VERSION = 5.0;
				TARGETED_DEVICE_FAMILY = "1,2";
				TEST_HOST = "$(BUILT_PRODUCTS_DIR)/PexelsSearch.app/$(BUNDLE_EXECUTABLE_FOLDER_PATH)/PexelsSearch";
			};
			name = Release;
		};
		DF8797122E5AD9AA00AC75E0 /* Debug */ = {
			isa = XCBuildConfiguration;
			buildSettings = {
				CODE_SIGN_STYLE = Automatic;
				CURRENT_PROJECT_VERSION = 1;
				DEVELOPMENT_TEAM = 22WLLT8Q75;
				GENERATE_INFOPLIST_FILE = YES;
				MARKETING_VERSION = 1.0;
				PRODUCT_BUNDLE_IDENTIFIER = remypark.PexelsSearchUITests;
				PRODUCT_NAME = "$(TARGET_NAME)";
				SWIFT_EMIT_LOC_STRINGS = NO;
				SWIFT_VERSION = 5.0;
				TARGETED_DEVICE_FAMILY = "1,2";
				TEST_TARGET_NAME = PexelsSearch;
			};
			name = Debug;
		};
		DF8797132E5AD9AA00AC75E0 /* Release */ = {
			isa = XCBuildConfiguration;
			buildSettings = {
				CODE_SIGN_STYLE = Automatic;
				CURRENT_PROJECT_VERSION = 1;
				DEVELOPMENT_TEAM = 22WLLT8Q75;
				GENERATE_INFOPLIST_FILE = YES;
				MARKETING_VERSION = 1.0;
				PRODUCT_BUNDLE_IDENTIFIER = remypark.PexelsSearchUITests;
				PRODUCT_NAME = "$(TARGET_NAME)";
				SWIFT_EMIT_LOC_STRINGS = NO;
				SWIFT_VERSION = 5.0;
				TARGETED_DEVICE_FAMILY = "1,2";
				TEST_TARGET_NAME = PexelsSearch;
			};
			name = Release;
		};
/* End XCBuildConfiguration section */

/* Begin XCConfigurationList section */
		DF8796DB2E5AD9A800AC75E0 /* Build configuration list for PBXProject "PexelsSearch" */ = {
			isa = XCConfigurationList;
			buildConfigurations = (
				DF87970C2E5AD9AA00AC75E0 /* Debug */,
				DF87970D2E5AD9AA00AC75E0 /* Release */,
			);
			defaultConfigurationIsVisible = 0;
			defaultConfigurationName = Release;
		};
		DF8797092E5AD9AA00AC75E0 /* Build configuration list for PBXNativeTarget "PexelsSearch" */ = {
			isa = XCConfigurationList;
			buildConfigurations = (
				DF87970A2E5AD9AA00AC75E0 /* Debug */,
				DF87970B2E5AD9AA00AC75E0 /* Release */,
			);
			defaultConfigurationIsVisible = 0;
			defaultConfigurationName = Release;
		};
		DF87970E2E5AD9AA00AC75E0 /* Build configuration list for PBXNativeTarget "PexelsSearchTests" */ = {
			isa = XCConfigurationList;
			buildConfigurations = (
				DF87970F2E5AD9AA00AC75E0 /* Debug */,
				DF8797102E5AD9AA00AC75E0 /* Release */,
			);
			defaultConfigurationIsVisible = 0;
			defaultConfigurationName = Release;
		};
		DF8797112E5AD9AA00AC75E0 /* Build configuration list for PBXNativeTarget "PexelsSearchUITests" */ = {
			isa = XCConfigurationList;
			buildConfigurations = (
				DF8797122E5AD9AA00AC75E0 /* Debug */,
				DF8797132E5AD9AA00AC75E0 /* Release */,
			);
			defaultConfigurationIsVisible = 0;
			defaultConfigurationName = Release;
		};
/* End XCConfigurationList section */
	};
	rootObject = DF8796D82E5AD9A800AC75E0 /* Project object */;
}
